
Microsoft Visual Studio Solution File, Format Version 12.00
# Visual Studio Version 16
VisualStudioVersion = 16.0.31702.278
MinimumVisualStudioVersion = 10.0.40219.1
Project("{FAE04EC0-301F-11D3-BF4B-00C04F79EFBC}") = "Sasspal", "Sasspal\Sasspal.csproj", "{061E3600-C9AB-4FCA-B6A6-22B7C6024179}"
EndProject
Global
	GlobalSection(SolutionConfigurationPlatforms) = preSolution
		Debug|Any CPU = Debug|Any CPU
		Release|Any CPU = Release|Any CPU
	EndGlobalSection
	GlobalSection(ProjectConfigurationPlatforms) = postSolution
		{061E3600-C9AB-4FCA-B6A6-22B7C6024179}.Debug|Any CPU.ActiveCfg = Debug|Any CPU
		{061E3600-C9AB-4FCA-B6A6-22B7C6024179}.Debug|Any CPU.Build.0 = Debug|Any CPU
		{061E3600-C9AB-4FCA-B6A6-22B7C6024179}.Release|Any CPU.ActiveCfg = Release|Any CPU
		{061E3600-C9AB-4FCA-B6A6-22B7C6024179}.Release|Any CPU.Build.0 = Release|Any CPU
	EndGlobalSection
	GlobalSection(SolutionProperties) = preSolution
		HideSolutionNode = FALSE
	EndGlobalSection
	GlobalSection(ExtensibilityGlobals) = postSolution
		SolutionGuid = {3C3C8269-067A-42FB-BCBB-0B0C39999CA7}
	EndGlobalSection
EndGlobal
